// !$*UTF8*$!
{
	archiveVersion = 1;
	classes = {
	};
	objectVersion = 50;
	objects = {

/* Begin PBXBuildFile section */
		6712A9F429141C0F008F2937 /* MetersCoordinator.swift in Sources */ = {isa = PBXBuildFile; fileRef = 6712A9F329141C0F008F2937 /* MetersCoordinator.swift */; };
		6712A9F629142216008F2937 /* EventType.swift in Sources */ = {isa = PBXBuildFile; fileRef = 6712A9F529142216008F2937 /* EventType.swift */; };
		677A5DB02914FAD500027606 /* DetailViewModel.swift in Sources */ = {isa = PBXBuildFile; fileRef = 677A5DAF2914FAD500027606 /* DetailViewModel.swift */; };
		6789DD772912CFAE00A2648F /* AppDelegate.swift in Sources */ = {isa = PBXBuildFile; fileRef = 6789DD762912CFAE00A2648F /* AppDelegate.swift */; };
		6789DD7B2912CFAE00A2648F /* MetersViewController.swift in Sources */ = {isa = PBXBuildFile; fileRef = 6789DD7A2912CFAE00A2648F /* MetersViewController.swift */; };
		6789DD7E2912CFAE00A2648F /* Main.storyboard in Resources */ = {isa = PBXBuildFile; fileRef = 6789DD7C2912CFAE00A2648F /* Main.storyboard */; };
		6789DD812912CFAE00A2648F /* UtilityMeters.xcdatamodeld in Sources */ = {isa = PBXBuildFile; fileRef = 6789DD7F2912CFAE00A2648F /* UtilityMeters.xcdatamodeld */; };
		6789DD832912CFB000A2648F /* Assets.xcassets in Resources */ = {isa = PBXBuildFile; fileRef = 6789DD822912CFB000A2648F /* Assets.xcassets */; };
		6789DD862912CFB000A2648F /* LaunchScreen.storyboard in Resources */ = {isa = PBXBuildFile; fileRef = 6789DD842912CFB000A2648F /* LaunchScreen.storyboard */; };
		6789DD8E2912D0B800A2648F /* SettingsViewController.swift in Sources */ = {isa = PBXBuildFile; fileRef = 6789DD8D2912D0B800A2648F /* SettingsViewController.swift */; };
		6789DD902912D0D200A2648F /* DetailViewController.swift in Sources */ = {isa = PBXBuildFile; fileRef = 6789DD8F2912D0D200A2648F /* DetailViewController.swift */; };
		6789DD992912D17900A2648F /* Setting.swift in Sources */ = {isa = PBXBuildFile; fileRef = 6789DD982912D17900A2648F /* Setting.swift */; };
		6789DD9B2912D21C00A2648F /* MeterType.swift in Sources */ = {isa = PBXBuildFile; fileRef = 6789DD9A2912D21C00A2648F /* MeterType.swift */; };
		6789DD9D2912D72500A2648F /* SettingsManager.swift in Sources */ = {isa = PBXBuildFile; fileRef = 6789DD9C2912D72500A2648F /* SettingsManager.swift */; };
		6789DD9F2912D79900A2648F /* AppCoordinator.swift in Sources */ = {isa = PBXBuildFile; fileRef = 6789DD9E2912D79900A2648F /* AppCoordinator.swift */; };
		6789DDA12912DAE200A2648F /* ViewControllerExtensions.swift in Sources */ = {isa = PBXBuildFile; fileRef = 6789DDA02912DAE200A2648F /* ViewControllerExtensions.swift */; };
		6789DDA32912DB8300A2648F /* Protocols.swift in Sources */ = {isa = PBXBuildFile; fileRef = 6789DDA22912DB8300A2648F /* Protocols.swift */; };
		67C5352C2928E67500F2CBE0 /* Calculator.swift in Sources */ = {isa = PBXBuildFile; fileRef = 67C5352B2928E67500F2CBE0 /* Calculator.swift */; };
		67F16C7C29142EE600C6EA70 /* CoreDataManager.swift in Sources */ = {isa = PBXBuildFile; fileRef = 67F16C7B29142EE600C6EA70 /* CoreDataManager.swift */; };
		67F16C892914327F00C6EA70 /* Meter+CoreDataClass.swift in Sources */ = {isa = PBXBuildFile; fileRef = 67F16C852914327F00C6EA70 /* Meter+CoreDataClass.swift */; };
		67F16C8A2914327F00C6EA70 /* Meter+CoreDataProperties.swift in Sources */ = {isa = PBXBuildFile; fileRef = 67F16C862914327F00C6EA70 /* Meter+CoreDataProperties.swift */; };
		67F16C8B2914327F00C6EA70 /* Report+CoreDataClass.swift in Sources */ = {isa = PBXBuildFile; fileRef = 67F16C872914327F00C6EA70 /* Report+CoreDataClass.swift */; };
		67F16C8C2914327F00C6EA70 /* Report+CoreDataProperties.swift in Sources */ = {isa = PBXBuildFile; fileRef = 67F16C882914327F00C6EA70 /* Report+CoreDataProperties.swift */; };
		67FD863D29192295004CD5CF /* ReportCell.swift in Sources */ = {isa = PBXBuildFile; fileRef = 67FD863B29192295004CD5CF /* ReportCell.swift */; };
		67FD863E29192295004CD5CF /* ReportCell.xib in Resources */ = {isa = PBXBuildFile; fileRef = 67FD863C29192295004CD5CF /* ReportCell.xib */; };
/* End PBXBuildFile section */

/* Begin PBXFileReference section */
		6712A9F329141C0F008F2937 /* MetersCoordinator.swift */ = {isa = PBXFileReference; lastKnownFileType = sourcecode.swift; path = MetersCoordinator.swift; sourceTree = "<group>"; };
		6712A9F529142216008F2937 /* EventType.swift */ = {isa = PBXFileReference; lastKnownFileType = sourcecode.swift; path = EventType.swift; sourceTree = "<group>"; };
		677A5DAF2914FAD500027606 /* DetailViewModel.swift */ = {isa = PBXFileReference; lastKnownFileType = sourcecode.swift; path = DetailViewModel.swift; sourceTree = "<group>"; };
		6789DD732912CFAE00A2648F /* UtilityMeters.app */ = {isa = PBXFileReference; explicitFileType = wrapper.application; includeInIndex = 0; path = UtilityMeters.app; sourceTree = BUILT_PRODUCTS_DIR; };
		6789DD762912CFAE00A2648F /* AppDelegate.swift */ = {isa = PBXFileReference; lastKnownFileType = sourcecode.swift; path = AppDelegate.swift; sourceTree = "<group>"; };
		6789DD7A2912CFAE00A2648F /* MetersViewController.swift */ = {isa = PBXFileReference; lastKnownFileType = sourcecode.swift; path = MetersViewController.swift; sourceTree = "<group>"; };
		6789DD7D2912CFAE00A2648F /* Base */ = {isa = PBXFileReference; lastKnownFileType = file.storyboard; name = Base; path = Base.lproj/Main.storyboard; sourceTree = "<group>"; };
		6789DD802912CFAE00A2648F /* UtilityMeters.xcdatamodel */ = {isa = PBXFileReference; lastKnownFileType = wrapper.xcdatamodel; path = UtilityMeters.xcdatamodel; sourceTree = "<group>"; };
		6789DD822912CFB000A2648F /* Assets.xcassets */ = {isa = PBXFileReference; lastKnownFileType = folder.assetcatalog; path = Assets.xcassets; sourceTree = "<group>"; };
		6789DD852912CFB000A2648F /* Base */ = {isa = PBXFileReference; lastKnownFileType = file.storyboard; name = Base; path = Base.lproj/LaunchScreen.storyboard; sourceTree = "<group>"; };
		6789DD872912CFB000A2648F /* Info.plist */ = {isa = PBXFileReference; lastKnownFileType = text.plist.xml; path = Info.plist; sourceTree = "<group>"; };
		6789DD8D2912D0B800A2648F /* SettingsViewController.swift */ = {isa = PBXFileReference; lastKnownFileType = sourcecode.swift; path = SettingsViewController.swift; sourceTree = "<group>"; };
		6789DD8F2912D0D200A2648F /* DetailViewController.swift */ = {isa = PBXFileReference; lastKnownFileType = sourcecode.swift; path = DetailViewController.swift; sourceTree = "<group>"; };
		6789DD982912D17900A2648F /* Setting.swift */ = {isa = PBXFileReference; lastKnownFileType = sourcecode.swift; path = Setting.swift; sourceTree = "<group>"; };
		6789DD9A2912D21C00A2648F /* MeterType.swift */ = {isa = PBXFileReference; lastKnownFileType = sourcecode.swift; path = MeterType.swift; sourceTree = "<group>"; };
		6789DD9C2912D72500A2648F /* SettingsManager.swift */ = {isa = PBXFileReference; lastKnownFileType = sourcecode.swift; path = SettingsManager.swift; sourceTree = "<group>"; };
		6789DD9E2912D79900A2648F /* AppCoordinator.swift */ = {isa = PBXFileReference; lastKnownFileType = sourcecode.swift; path = AppCoordinator.swift; sourceTree = "<group>"; };
		6789DDA02912DAE200A2648F /* ViewControllerExtensions.swift */ = {isa = PBXFileReference; lastKnownFileType = sourcecode.swift; path = ViewControllerExtensions.swift; sourceTree = "<group>"; };
		6789DDA22912DB8300A2648F /* Protocols.swift */ = {isa = PBXFileReference; lastKnownFileType = sourcecode.swift; path = Protocols.swift; sourceTree = "<group>"; };
		67C5352B2928E67500F2CBE0 /* Calculator.swift */ = {isa = PBXFileReference; lastKnownFileType = sourcecode.swift; path = Calculator.swift; sourceTree = "<group>"; };
		67F16C7B29142EE600C6EA70 /* CoreDataManager.swift */ = {isa = PBXFileReference; lastKnownFileType = sourcecode.swift; path = CoreDataManager.swift; sourceTree = "<group>"; };
		67F16C852914327F00C6EA70 /* Meter+CoreDataClass.swift */ = {isa = PBXFileReference; lastKnownFileType = sourcecode.swift; path = "Meter+CoreDataClass.swift"; sourceTree = "<group>"; };
		67F16C862914327F00C6EA70 /* Meter+CoreDataProperties.swift */ = {isa = PBXFileReference; lastKnownFileType = sourcecode.swift; path = "Meter+CoreDataProperties.swift"; sourceTree = "<group>"; };
		67F16C872914327F00C6EA70 /* Report+CoreDataClass.swift */ = {isa = PBXFileReference; lastKnownFileType = sourcecode.swift; path = "Report+CoreDataClass.swift"; sourceTree = "<group>"; };
		67F16C882914327F00C6EA70 /* Report+CoreDataProperties.swift */ = {isa = PBXFileReference; lastKnownFileType = sourcecode.swift; path = "Report+CoreDataProperties.swift"; sourceTree = "<group>"; };
		67FD863B29192295004CD5CF /* ReportCell.swift */ = {isa = PBXFileReference; lastKnownFileType = sourcecode.swift; path = ReportCell.swift; sourceTree = "<group>"; };
		67FD863C29192295004CD5CF /* ReportCell.xib */ = {isa = PBXFileReference; lastKnownFileType = file.xib; path = ReportCell.xib; sourceTree = "<group>"; };
/* End PBXFileReference section */

/* Begin PBXFrameworksBuildPhase section */
		6789DD702912CFAE00A2648F /* Frameworks */ = {
			isa = PBXFrameworksBuildPhase;
			buildActionMask = 2147483647;
			files = (
			);
			runOnlyForDeploymentPostprocessing = 0;
		};
/* End PBXFrameworksBuildPhase section */

/* Begin PBXGroup section */
		677A5DAE2914FABA00027606 /* ViewModels */ = {
			isa = PBXGroup;
			children = (
				677A5DAF2914FAD500027606 /* DetailViewModel.swift */,
			);
			path = ViewModels;
			sourceTree = "<group>";
		};
		6789DD6A2912CFAE00A2648F = {
			isa = PBXGroup;
			children = (
				6789DD752912CFAE00A2648F /* UtilityMeters */,
				6789DD742912CFAE00A2648F /* Products */,
			);
			sourceTree = "<group>";
		};
		6789DD742912CFAE00A2648F /* Products */ = {
			isa = PBXGroup;
			children = (
				6789DD732912CFAE00A2648F /* UtilityMeters.app */,
			);
			name = Products;
			sourceTree = "<group>";
		};
		6789DD752912CFAE00A2648F /* UtilityMeters */ = {
			isa = PBXGroup;
			children = (
				67C5352A2928E65C00F2CBE0 /* Services */,
				67FD863829192204004CD5CF /* Views */,
				677A5DAE2914FABA00027606 /* ViewModels */,
				6789DD972912D15600A2648F /* Extensions */,
				6789DD962912D14C00A2648F /* Protocols */,
				6789DD942912D12D00A2648F /* CoreData */,
				6789DD932912D12400A2648F /* Models */,
				6789DD922912D11B00A2648F /* Coordinators */,
				6789DD912912D10200A2648F /* ViewControllers */,
				6789DD762912CFAE00A2648F /* AppDelegate.swift */,
				6789DD7C2912CFAE00A2648F /* Main.storyboard */,
				6789DD822912CFB000A2648F /* Assets.xcassets */,
				6789DD842912CFB000A2648F /* LaunchScreen.storyboard */,
				6789DD872912CFB000A2648F /* Info.plist */,
				6789DD7F2912CFAE00A2648F /* UtilityMeters.xcdatamodeld */,
			);
			path = UtilityMeters;
			sourceTree = "<group>";
		};
		6789DD912912D10200A2648F /* ViewControllers */ = {
			isa = PBXGroup;
			children = (
				6789DD7A2912CFAE00A2648F /* MetersViewController.swift */,
				6789DD8D2912D0B800A2648F /* SettingsViewController.swift */,
				6789DD8F2912D0D200A2648F /* DetailViewController.swift */,
			);
			path = ViewControllers;
			sourceTree = "<group>";
		};
		6789DD922912D11B00A2648F /* Coordinators */ = {
			isa = PBXGroup;
			children = (
				6789DD9E2912D79900A2648F /* AppCoordinator.swift */,
				6712A9F329141C0F008F2937 /* MetersCoordinator.swift */,
			);
			path = Coordinators;
			sourceTree = "<group>";
		};
		6789DD932912D12400A2648F /* Models */ = {
			isa = PBXGroup;
			children = (
				6789DD982912D17900A2648F /* Setting.swift */,
				6789DD9A2912D21C00A2648F /* MeterType.swift */,
				6789DD9C2912D72500A2648F /* SettingsManager.swift */,
				6712A9F529142216008F2937 /* EventType.swift */,
			);
			path = Models;
			sourceTree = "<group>";
		};
		6789DD942912D12D00A2648F /* CoreData */ = {
			isa = PBXGroup;
			children = (
				6789DD952912D13700A2648F /* Models */,
				67F16C7B29142EE600C6EA70 /* CoreDataManager.swift */,
			);
			path = CoreData;
			sourceTree = "<group>";
		};
		6789DD952912D13700A2648F /* Models */ = {
			isa = PBXGroup;
			children = (
				67F16C852914327F00C6EA70 /* Meter+CoreDataClass.swift */,
				67F16C862914327F00C6EA70 /* Meter+CoreDataProperties.swift */,
				67F16C872914327F00C6EA70 /* Report+CoreDataClass.swift */,
				67F16C882914327F00C6EA70 /* Report+CoreDataProperties.swift */,
			);
			path = Models;
			sourceTree = "<group>";
		};
		6789DD962912D14C00A2648F /* Protocols */ = {
			isa = PBXGroup;
			children = (
				6789DDA22912DB8300A2648F /* Protocols.swift */,
			);
			path = Protocols;
			sourceTree = "<group>";
		};
		6789DD972912D15600A2648F /* Extensions */ = {
			isa = PBXGroup;
			children = (
				6789DDA02912DAE200A2648F /* ViewControllerExtensions.swift */,
			);
			path = Extensions;
			sourceTree = "<group>";
		};
		67C5352A2928E65C00F2CBE0 /* Services */ = {
			isa = PBXGroup;
			children = (
				67C5352B2928E67500F2CBE0 /* Calculator.swift */,
			);
			path = Services;
			sourceTree = "<group>";
		};
		67FD863829192204004CD5CF /* Views */ = {
			isa = PBXGroup;
			children = (
				67FD863B29192295004CD5CF /* ReportCell.swift */,
				67FD863C29192295004CD5CF /* ReportCell.xib */,
			);
			path = Views;
			sourceTree = "<group>";
		};
/* End PBXGroup section */

/* Begin PBXNativeTarget section */
		6789DD722912CFAE00A2648F /* UtilityMeters */ = {
			isa = PBXNativeTarget;
			buildConfigurationList = 6789DD8A2912CFB000A2648F /* Build configuration list for PBXNativeTarget "UtilityMeters" */;
			buildPhases = (
				6789DD6F2912CFAE00A2648F /* Sources */,
				6789DD702912CFAE00A2648F /* Frameworks */,
				6789DD712912CFAE00A2648F /* Resources */,
			);
			buildRules = (
			);
			dependencies = (
			);
			name = UtilityMeters;
			productName = UtilityMeters;
			productReference = 6789DD732912CFAE00A2648F /* UtilityMeters.app */;
			productType = "com.apple.product-type.application";
		};
/* End PBXNativeTarget section */

/* Begin PBXProject section */
		6789DD6B2912CFAE00A2648F /* Project object */ = {
			isa = PBXProject;
			attributes = {
				LastSwiftUpdateCheck = 1130;
				LastUpgradeCheck = 1130;
				ORGANIZATIONNAME = Evgen;
				TargetAttributes = {
					6789DD722912CFAE00A2648F = {
						CreatedOnToolsVersion = 11.3.1;
					};
				};
			};
			buildConfigurationList = 6789DD6E2912CFAE00A2648F /* Build configuration list for PBXProject "UtilityMeters" */;
			compatibilityVersion = "Xcode 9.3";
			developmentRegion = en;
			hasScannedForEncodings = 0;
			knownRegions = (
				en,
				Base,
			);
			mainGroup = 6789DD6A2912CFAE00A2648F;
			productRefGroup = 6789DD742912CFAE00A2648F /* Products */;
			projectDirPath = "";
			projectRoot = "";
			targets = (
				6789DD722912CFAE00A2648F /* UtilityMeters */,
			);
		};
/* End PBXProject section */

/* Begin PBXResourcesBuildPhase section */
		6789DD712912CFAE00A2648F /* Resources */ = {
			isa = PBXResourcesBuildPhase;
			buildActionMask = 2147483647;
			files = (
				6789DD862912CFB000A2648F /* LaunchScreen.storyboard in Resources */,
				6789DD832912CFB000A2648F /* Assets.xcassets in Resources */,
				6789DD7E2912CFAE00A2648F /* Main.storyboard in Resources */,
				67FD863E29192295004CD5CF /* ReportCell.xib in Resources */,
			);
			runOnlyForDeploymentPostprocessing = 0;
		};
/* End PBXResourcesBuildPhase section */

/* Begin PBXSourcesBuildPhase section */
		6789DD6F2912CFAE00A2648F /* Sources */ = {
			isa = PBXSourcesBuildPhase;
			buildActionMask = 2147483647;
			files = (
				6712A9F629142216008F2937 /* EventType.swift in Sources */,
				67F16C7C29142EE600C6EA70 /* CoreDataManager.swift in Sources */,
				67C5352C2928E67500F2CBE0 /* Calculator.swift in Sources */,
				6789DDA12912DAE200A2648F /* ViewControllerExtensions.swift in Sources */,
				677A5DB02914FAD500027606 /* DetailViewModel.swift in Sources */,
				6789DD7B2912CFAE00A2648F /* MetersViewController.swift in Sources */,
				6789DD9B2912D21C00A2648F /* MeterType.swift in Sources */,
				67F16C8B2914327F00C6EA70 /* Report+CoreDataClass.swift in Sources */,
				67F16C892914327F00C6EA70 /* Meter+CoreDataClass.swift in Sources */,
				6789DDA32912DB8300A2648F /* Protocols.swift in Sources */,
				6789DD9F2912D79900A2648F /* AppCoordinator.swift in Sources */,
				6789DD772912CFAE00A2648F /* AppDelegate.swift in Sources */,
				67FD863D29192295004CD5CF /* ReportCell.swift in Sources */,
				6789DD812912CFAE00A2648F /* UtilityMeters.xcdatamodeld in Sources */,
				6789DD902912D0D200A2648F /* DetailViewController.swift in Sources */,
				67F16C8A2914327F00C6EA70 /* Meter+CoreDataProperties.swift in Sources */,
				6789DD992912D17900A2648F /* Setting.swift in Sources */,
				67F16C8C2914327F00C6EA70 /* Report+CoreDataProperties.swift in Sources */,
				6789DD8E2912D0B800A2648F /* SettingsViewController.swift in Sources */,
				6712A9F429141C0F008F2937 /* MetersCoordinator.swift in Sources */,
				6789DD9D2912D72500A2648F /* SettingsManager.swift in Sources */,
			);
			runOnlyForDeploymentPostprocessing = 0;
		};
/* End PBXSourcesBuildPhase section */

/* Begin PBXVariantGroup section */
		6789DD7C2912CFAE00A2648F /* Main.storyboard */ = {
			isa = PBXVariantGroup;
			children = (
				6789DD7D2912CFAE00A2648F /* Base */,
			);
			name = Main.storyboard;
			sourceTree = "<group>";
		};
		6789DD842912CFB000A2648F /* LaunchScreen.storyboard */ = {
			isa = PBXVariantGroup;
			children = (
				6789DD852912CFB000A2648F /* Base */,
			);
			name = LaunchScreen.storyboard;
			sourceTree = "<group>";
		};
/* End PBXVariantGroup section */

/* Begin XCBuildConfiguration section */
		6789DD882912CFB000A2648F /* Debug */ = {
			isa = XCBuildConfiguration;
			buildSettings = {
				ALWAYS_SEARCH_USER_PATHS = NO;
				CLANG_ANALYZER_NONNULL = YES;
				CLANG_ANALYZER_NUMBER_OBJECT_CONVERSION = YES_AGGRESSIVE;
				CLANG_CXX_LANGUAGE_STANDARD = "gnu++14";
				CLANG_CXX_LIBRARY = "libc++";
				CLANG_ENABLE_MODULES = YES;
				CLANG_ENABLE_OBJC_ARC = YES;
				CLANG_ENABLE_OBJC_WEAK = YES;
				CLANG_WARN_BLOCK_CAPTURE_AUTORELEASING = YES;
				CLANG_WARN_BOOL_CONVERSION = YES;
				CLANG_WARN_COMMA = YES;
				CLANG_WARN_CONSTANT_CONVERSION = YES;
				CLANG_WARN_DEPRECATED_OBJC_IMPLEMENTATIONS = YES;
				CLANG_WARN_DIRECT_OBJC_ISA_USAGE = YES_ERROR;
				CLANG_WARN_DOCUMENTATION_COMMENTS = YES;
				CLANG_WARN_EMPTY_BODY = YES;
				CLANG_WARN_ENUM_CONVERSION = YES;
				CLANG_WARN_INFINITE_RECURSION = YES;
				CLANG_WARN_INT_CONVERSION = YES;
				CLANG_WARN_NON_LITERAL_NULL_CONVERSION = YES;
				CLANG_WARN_OBJC_IMPLICIT_RETAIN_SELF = YES;
				CLANG_WARN_OBJC_LITERAL_CONVERSION = YES;
				CLANG_WARN_OBJC_ROOT_CLASS = YES_ERROR;
				CLANG_WARN_RANGE_LOOP_ANALYSIS = YES;
				CLANG_WARN_STRICT_PROTOTYPES = YES;
				CLANG_WARN_SUSPICIOUS_MOVE = YES;
				CLANG_WARN_UNGUARDED_AVAILABILITY = YES_AGGRESSIVE;
				CLANG_WARN_UNREACHABLE_CODE = YES;
				CLANG_WARN__DUPLICATE_METHOD_MATCH = YES;
				COPY_PHASE_STRIP = NO;
				DEBUG_INFORMATION_FORMAT = dwarf;
				ENABLE_STRICT_OBJC_MSGSEND = YES;
				ENABLE_TESTABILITY = YES;
				GCC_C_LANGUAGE_STANDARD = gnu11;
				GCC_DYNAMIC_NO_PIC = NO;
				GCC_NO_COMMON_BLOCKS = YES;
				GCC_OPTIMIZATION_LEVEL = 0;
				GCC_PREPROCESSOR_DEFINITIONS = (
					"DEBUG=1",
					"$(inherited)",
				);
				GCC_WARN_64_TO_32_BIT_CONVERSION = YES;
				GCC_WARN_ABOUT_RETURN_TYPE = YES_ERROR;
				GCC_WARN_UNDECLARED_SELECTOR = YES;
				GCC_WARN_UNINITIALIZED_AUTOS = YES_AGGRESSIVE;
				GCC_WARN_UNUSED_FUNCTION = YES;
				GCC_WARN_UNUSED_VARIABLE = YES;
				IPHONEOS_DEPLOYMENT_TARGET = 13.2;
				MTL_ENABLE_DEBUG_INFO = INCLUDE_SOURCE;
				MTL_FAST_MATH = YES;
				ONLY_ACTIVE_ARCH = YES;
				SDKROOT = iphoneos;
				SWIFT_ACTIVE_COMPILATION_CONDITIONS = DEBUG;
				SWIFT_OPTIMIZATION_LEVEL = "-Onone";
			};
			name = Debug;
		};
		6789DD892912CFB000A2648F /* Release */ = {
			isa = XCBuildConfiguration;
			buildSettings = {
				ALWAYS_SEARCH_USER_PATHS = NO;
				CLANG_ANALYZER_NONNULL = YES;
				CLANG_ANALYZER_NUMBER_OBJECT_CONVERSION = YES_AGGRESSIVE;
				CLANG_CXX_LANGUAGE_STANDARD = "gnu++14";
				CLANG_CXX_LIBRARY = "libc++";
				CLANG_ENABLE_MODULES = YES;
				CLANG_ENABLE_OBJC_ARC = YES;
				CLANG_ENABLE_OBJC_WEAK = YES;
				CLANG_WARN_BLOCK_CAPTURE_AUTORELEASING = YES;
				CLANG_WARN_BOOL_CONVERSION = YES;
				CLANG_WARN_COMMA = YES;
				CLANG_WARN_CONSTANT_CONVERSION = YES;
				CLANG_WARN_DEPRECATED_OBJC_IMPLEMENTATIONS = YES;
				CLANG_WARN_DIRECT_OBJC_ISA_USAGE = YES_ERROR;
				CLANG_WARN_DOCUMENTATION_COMMENTS = YES;
				CLANG_WARN_EMPTY_BODY = YES;
				CLANG_WARN_ENUM_CONVERSION = YES;
				CLANG_WARN_INFINITE_RECURSION = YES;
				CLANG_WARN_INT_CONVERSION = YES;
				CLANG_WARN_NON_LITERAL_NULL_CONVERSION = YES;
				CLANG_WARN_OBJC_IMPLICIT_RETAIN_SELF = YES;
				CLANG_WARN_OBJC_LITERAL_CONVERSION = YES;
				CLANG_WARN_OBJC_ROOT_CLASS = YES_ERROR;
				CLANG_WARN_RANGE_LOOP_ANALYSIS = YES;
				CLANG_WARN_STRICT_PROTOTYPES = YES;
				CLANG_WARN_SUSPICIOUS_MOVE = YES;
				CLANG_WARN_UNGUARDED_AVAILABILITY = YES_AGGRESSIVE;
				CLANG_WARN_UNREACHABLE_CODE = YES;
				CLANG_WARN__DUPLICATE_METHOD_MATCH = YES;
				COPY_PHASE_STRIP = NO;
				DEBUG_INFORMATION_FORMAT = "dwarf-with-dsym";
				ENABLE_NS_ASSERTIONS = NO;
				ENABLE_STRICT_OBJC_MSGSEND = YES;
				GCC_C_LANGUAGE_STANDARD = gnu11;
				GCC_NO_COMMON_BLOCKS = YES;
				GCC_WARN_64_TO_32_BIT_CONVERSION = YES;
				GCC_WARN_ABOUT_RETURN_TYPE = YES_ERROR;
				GCC_WARN_UNDECLARED_SELECTOR = YES;
				GCC_WARN_UNINITIALIZED_AUTOS = YES_AGGRESSIVE;
				GCC_WARN_UNUSED_FUNCTION = YES;
				GCC_WARN_UNUSED_VARIABLE = YES;
				IPHONEOS_DEPLOYMENT_TARGET = 13.2;
				MTL_ENABLE_DEBUG_INFO = NO;
				MTL_FAST_MATH = YES;
				SDKROOT = iphoneos;
				SWIFT_COMPILATION_MODE = wholemodule;
				SWIFT_OPTIMIZATION_LEVEL = "-O";
				VALIDATE_PRODUCT = YES;
			};
			name = Release;
		};
		6789DD8B2912CFB000A2648F /* Debug */ = {
			isa = XCBuildConfiguration;
			buildSettings = {
				ASSETCATALOG_COMPILER_APPICON_NAME = AppIcon;
				CODE_SIGN_IDENTITY = "Apple Development";
				CODE_SIGN_STYLE = Automatic;
				DEVELOPMENT_TEAM = 7FA5J36GLF;
				INFOPLIST_FILE = UtilityMeters/Info.plist;
				IPHONEOS_DEPLOYMENT_TARGET = 14.1;
				LD_RUNPATH_SEARCH_PATHS = (
					"$(inherited)",
					"@executable_path/Frameworks",
				);
				PRODUCT_BUNDLE_IDENTIFIER = Zhu.UtilityMeters;
				PRODUCT_NAME = "$(TARGET_NAME)";
				PROVISIONING_PROFILE_SPECIFIER = "";
				SWIFT_VERSION = 5.0;
				TARGETED_DEVICE_FAMILY = 1;
			};
			name = Debug;
		};
		6789DD8C2912CFB000A2648F /* Release */ = {
			isa = XCBuildConfiguration;
			buildSettings = {
				ASSETCATALOG_COMPILER_APPICON_NAME = AppIcon;
				CODE_SIGN_IDENTITY = "Apple Development";
				CODE_SIGN_STYLE = Automatic;
				DEVELOPMENT_TEAM = 7FA5J36GLF;
				INFOPLIST_FILE = UtilityMeters/Info.plist;
				IPHONEOS_DEPLOYMENT_TARGET = 14.1;
				LD_RUNPATH_SEARCH_PATHS = (
					"$(inherited)",
					"@executable_path/Frameworks",
				);
				PRODUCT_BUNDLE_IDENTIFIER = Zhu.UtilityMeters;
				PRODUCT_NAME = "$(TARGET_NAME)";
				PROVISIONING_PROFILE_SPECIFIER = "";
				SWIFT_VERSION = 5.0;
				TARGETED_DEVICE_FAMILY = 1;
			};
			name = Release;
		};
/* End XCBuildConfiguration section */

/* Begin XCConfigurationList section */
		6789DD6E2912CFAE00A2648F /* Build configuration list for PBXProject "UtilityMeters" */ = {
			isa = XCConfigurationList;
			buildConfigurations = (
				6789DD882912CFB000A2648F /* Debug */,
				6789DD892912CFB000A2648F /* Release */,
			);
			defaultConfigurationIsVisible = 0;
			defaultConfigurationName = Release;
		};
		6789DD8A2912CFB000A2648F /* Build configuration list for PBXNativeTarget "UtilityMeters" */ = {
			isa = XCConfigurationList;
			buildConfigurations = (
				6789DD8B2912CFB000A2648F /* Debug */,
				6789DD8C2912CFB000A2648F /* Release */,
			);
			defaultConfigurationIsVisible = 0;
			defaultConfigurationName = Release;
		};
/* End XCConfigurationList section */

/* Begin XCVersionGroup section */
		6789DD7F2912CFAE00A2648F /* UtilityMeters.xcdatamodeld */ = {
			isa = XCVersionGroup;
			children = (
				6789DD802912CFAE00A2648F /* UtilityMeters.xcdatamodel */,
			);
			currentVersion = 6789DD802912CFAE00A2648F /* UtilityMeters.xcdatamodel */;
			path = UtilityMeters.xcdatamodeld;
			sourceTree = "<group>";
			versionGroupType = wrapper.xcdatamodel;
		};
/* End XCVersionGroup section */
	};
	rootObject = 6789DD6B2912CFAE00A2648F /* Project object */;
}
